
Microsoft Visual Studio Solution File, Format Version 12.00
# Visual Studio Version 16
VisualStudioVersion = 16.0.30717.126
MinimumVisualStudioVersion = 10.0.40219.1
Project("{FAE04EC0-301F-11D3-BF4B-00C04F79EFBC}") = "QuestionsAndResponses", "QuestionsAndResponses.csproj", "{99C131F0-EC95-45F9-9859-6EADEB71508E}"
EndProject
Global
	GlobalSection(SolutionConfigurationPlatforms) = preSolution
		Debug|Any CPU = Debug|Any CPU
		Release|Any CPU = Release|Any CPU
	EndGlobalSection
	GlobalSection(ProjectConfigurationPlatforms) = postSolution
		{99C131F0-EC95-45F9-9859-6EADEB71508E}.Debug|Any CPU.ActiveCfg = Debug|Any CPU
		{99C131F0-EC95-45F9-9859-6EADEB71508E}.Debug|Any CPU.Build.0 = Debug|Any CPU
		{99C131F0-EC95-45F9-9859-6EADEB71508E}.Release|Any CPU.ActiveCfg = Release|Any CPU
		{99C131F0-EC95-45F9-9859-6EADEB71508E}.Release|Any CPU.Build.0 = Release|Any CPU
	EndGlobalSection
	GlobalSection(SolutionProperties) = preSolution
		HideSolutionNode = FALSE
	EndGlobalSection
	GlobalSection(ExtensibilityGlobals) = postSolution
		SolutionGuid = {0B7FA822-E6A7-4A8B-A375-4C80EABE5568}
	EndGlobalSection
EndGlobal
